
Microsoft Visual Studio Solution File, Format Version 12.00
# Visual Studio Version 17
VisualStudioVersion = 17.0.32014.148
MinimumVisualStudioVersion = 10.0.40219.1
Project("{FAE04EC0-301F-11D3-BF4B-00C04F79EFBC}") = "ConsoleAppGET", "ConsoleAppGET\ConsoleAppGET.csproj", "{75BBDCE7-BFB9-497B-97CC-D93DCF22EAAD}"
EndProject
Global
	GlobalSection(SolutionConfigurationPlatforms) = preSolution
		Debug|Any CPU = Debug|Any CPU
		Release|Any CPU = Release|Any CPU
	EndGlobalSection
	GlobalSection(ProjectConfigurationPlatforms) = postSolution
		{75BBDCE7-BFB9-497B-97CC-D93DCF22EAAD}.Debug|Any CPU.ActiveCfg = Debug|Any CPU
		{75BBDCE7-BFB9-497B-97CC-D93DCF22EAAD}.Debug|Any CPU.Build.0 = Debug|Any CPU
		{75BBDCE7-BFB9-497B-97CC-D93DCF22EAAD}.Release|Any CPU.ActiveCfg = Release|Any CPU
		{75BBDCE7-BFB9-497B-97CC-D93DCF22EAAD}.Release|Any CPU.Build.0 = Release|Any CPU
	EndGlobalSection
	GlobalSection(SolutionProperties) = preSolution
		HideSolutionNode = FALSE
	EndGlobalSection
	GlobalSection(ExtensibilityGlobals) = postSolution
		SolutionGuid = {7B1209F5-52C6-4FA5-B1E2-E589D4294F9C}
	EndGlobalSection
EndGlobal
